Microsoft Visual Studio Solution File, Format Version 12.00
# Visual Studio Version 17
VisualStudioVersion = 17.5.2.0
MinimumVisualStudioVersion = 10.0.40219.1
Project("{FAE04EC0-301F-11D3-BF4B-00C04F79EFBC}") = "person.blog.api", "person.blog.api.csproj", "{9F0BDEA2-3491-DC39-D49D-AD449FF1FCC6}"
EndProject
Global
	GlobalSection(SolutionConfigurationPlatforms) = preSolution
		Debug|Any CPU = Debug|Any CPU
		Release|Any CPU = Release|Any CPU
	EndGlobalSection
	GlobalSection(ProjectConfigurationPlatforms) = postSolution
		{9F0BDEA2-3491-DC39-D49D-AD449FF1FCC6}.Debug|Any CPU.ActiveCfg = Debug|Any CPU
		{9F0BDEA2-3491-DC39-D49D-AD449FF1FCC6}.Debug|Any CPU.Build.0 = Debug|Any CPU
		{9F0BDEA2-3491-DC39-D49D-AD449FF1FCC6}.Release|Any CPU.ActiveCfg = Release|Any CPU
		{9F0BDEA2-3491-DC39-D49D-AD449FF1FCC6}.Release|Any CPU.Build.0 = Release|Any CPU
	EndGlobalSection
	GlobalSection(SolutionProperties) = preSolution
		HideSolutionNode = FALSE
	EndGlobalSection
	GlobalSection(ExtensibilityGlobals) = postSolution
		SolutionGuid = {892FBB0A-B9F3-444F-95AE-C8FF53F3DB9B}
	EndGlobalSection
EndGlobal
